
Microsoft Visual Studio Solution File, Format Version 12.00
# Visual Studio Version 16
VisualStudioVersion = 16.0.34407.143
MinimumVisualStudioVersion = 10.0.40219.1
Project("{FAE04EC0-301F-11D3-BF4B-00C04F79EFBC}") = "ADODisconnected", "ADODisconnected\ADODisconnected.csproj", "{0E325FCE-FE64-44E4-9EEE-F05481CAC18B}"
EndProject
Project("{FAE04EC0-301F-11D3-BF4B-00C04F79EFBC}") = "DisconnectedLibrary", "DisconnectedLibrary\DisconnectedLibrary.csproj", "{9FD8E5A9-CD9E-4506-BEBF-7F138C8D5449}"
EndProject
Global
	GlobalSection(SolutionConfigurationPlatforms) = preSolution
		Debug|Any CPU = Debug|Any CPU
		Release|Any CPU = Release|Any CPU
	EndGlobalSection
	GlobalSection(ProjectConfigurationPlatforms) = postSolution
		{0E325FCE-FE64-44E4-9EEE-F05481CAC18B}.Debug|Any CPU.ActiveCfg = Debug|Any CPU
		{0E325FCE-FE64-44E4-9EEE-F05481CAC18B}.Debug|Any CPU.Build.0 = Debug|Any CPU
		{0E325FCE-FE64-44E4-9EEE-F05481CAC18B}.Release|Any CPU.ActiveCfg = Release|Any CPU
		{0E325FCE-FE64-44E4-9EEE-F05481CAC18B}.Release|Any CPU.Build.0 = Release|Any CPU
		{9FD8E5A9-CD9E-4506-BEBF-7F138C8D5449}.Debug|Any CPU.ActiveCfg = Debug|Any CPU
		{9FD8E5A9-CD9E-4506-BEBF-7F138C8D5449}.Debug|Any CPU.Build.0 = Debug|Any CPU
		{9FD8E5A9-CD9E-4506-BEBF-7F138C8D5449}.Release|Any CPU.ActiveCfg = Release|Any CPU
		{9FD8E5A9-CD9E-4506-BEBF-7F138C8D5449}.Release|Any CPU.Build.0 = Release|Any CPU
	EndGlobalSection
	GlobalSection(SolutionProperties) = preSolution
		HideSolutionNode = FALSE
	EndGlobalSection
	GlobalSection(ExtensibilityGlobals) = postSolution
		SolutionGuid = {EB410350-32F4-4547-8665-6D1948A4417B}
	EndGlobalSection
EndGlobal
